// !$*UTF8*$!
{
	archiveVersion = 1;
	classes = {
	};
	objectVersion = 55;
	objects = {

/* Begin PBXBuildFile section */
		054ADACA27AF679900E901ED /* AppDelegate.swift in Sources */ = {isa = PBXBuildFile; fileRef = 054ADAC927AF679900E901ED /* AppDelegate.swift */; };
		054ADACC27AF679900E901ED /* SceneDelegate.swift in Sources */ = {isa = PBXBuildFile; fileRef = 054ADACB27AF679900E901ED /* SceneDelegate.swift */; };
		054ADAD127AF679900E901ED /* Main.storyboard in Resources */ = {isa = PBXBuildFile; fileRef = 054ADACF27AF679900E901ED /* Main.storyboard */; };
		054ADAD327AF679B00E901ED /* Assets.xcassets in Resources */ = {isa = PBXBuildFile; fileRef = 054ADAD227AF679B00E901ED /* Assets.xcassets */; };
		054ADAD627AF679B00E901ED /* LaunchScreen.storyboard in Resources */ = {isa = PBXBuildFile; fileRef = 054ADAD427AF679B00E901ED /* LaunchScreen.storyboard */; };
		054ADAE127AF679C00E901ED /* FlixTests.swift in Sources */ = {isa = PBXBuildFile; fileRef = 054ADAE027AF679C00E901ED /* FlixTests.swift */; };
		054ADAEB27AF679C00E901ED /* FlixUITests.swift in Sources */ = {isa = PBXBuildFile; fileRef = 054ADAEA27AF679C00E901ED /* FlixUITests.swift */; };
		054ADAED27AF679C00E901ED /* FlixUITestsLaunchTests.swift in Sources */ = {isa = PBXBuildFile; fileRef = 054ADAEC27AF679C00E901ED /* FlixUITestsLaunchTests.swift */; };
		054ADAFA27AF74C200E901ED /* MoviesViewController.swift in Sources */ = {isa = PBXBuildFile; fileRef = 054ADAF927AF74C200E901ED /* MoviesViewController.swift */; };
		05D4858327AF83150034FB61 /* MovieCell.swift in Sources */ = {isa = PBXBuildFile; fileRef = 05D4858227AF83150034FB61 /* MovieCell.swift */; };
		05F9C15C27BAFB7400CA07E2 /* MovieDetailsViewController.swift in Sources */ = {isa = PBXBuildFile; fileRef = 05F9C15B27BAFB7400CA07E2 /* MovieDetailsViewController.swift */; };
		05F9C15E27BB6B2000CA07E2 /* MovieGridViewController.swift in Sources */ = {isa = PBXBuildFile; fileRef = 05F9C15D27BB6B2000CA07E2 /* MovieGridViewController.swift */; };
		05F9C16027BB6E6800CA07E2 /* MovieGridCell.swift in Sources */ = {isa = PBXBuildFile; fileRef = 05F9C15F27BB6E6800CA07E2 /* MovieGridCell.swift */; };
		07E32643D1595A56A31E135F /* Pods_Flix.framework in Frameworks */ = {isa = PBXBuildFile; fileRef = 337BAB4736FB23C5389C4547 /* Pods_Flix.framework */; };
		8A872C5FA82B4EBF25A3EBF1 /* Pods_Flix_FlixUITests.framework in Frameworks */ = {isa = PBXBuildFile; fileRef = 5358D14BDC06FFEA1781CC1C /* Pods_Flix_FlixUITests.framework */; };
		FD02EBCC7E43CDE96A9F97E3 /* Pods_FlixTests.framework in Frameworks */ = {isa = PBXBuildFile; fileRef = B827C9A711DED1229950C768 /* Pods_FlixTests.framework */; };
/* End PBXBuildFile section */

/* Begin PBXContainerItemProxy section */
		054ADADD27AF679C00E901ED /* PBXContainerItemProxy */ = {
			isa = PBXContainerItemProxy;
			containerPortal = 054ADABE27AF679900E901ED /* Project object */;
			proxyType = 1;
			remoteGlobalIDString = 054ADAC527AF679900E901ED;
			remoteInfo = Flix;
		};
		054ADAE727AF679C00E901ED /* PBXContainerItemProxy */ = {
			isa = PBXContainerItemProxy;
			containerPortal = 054ADABE27AF679900E901ED /* Project object */;
			proxyType = 1;
			remoteGlobalIDString = 054ADAC527AF679900E901ED;
			remoteInfo = Flix;
		};
/* End PBXContainerItemProxy section */

/* Begin PBXFileReference section */
		054ADAC627AF679900E901ED /* Flix.app */ = {isa = PBXFileReference; explicitFileType = wrapper.application; includeInIndex = 0; path = Flix.app; sourceTree = BUILT_PRODUCTS_DIR; };
		054ADAC927AF679900E901ED /* AppDelegate.swift */ = {isa = PBXFileReference; lastKnownFileType = sourcecode.swift; path = AppDelegate.swift; sourceTree = "<group>"; };
		054ADACB27AF679900E901ED /* SceneDelegate.swift */ = {isa = PBXFileReference; lastKnownFileType = sourcecode.swift; path = SceneDelegate.swift; sourceTree = "<group>"; };
		054ADAD027AF679900E901ED /* Base */ = {isa = PBXFileReference; lastKnownFileType = file.storyboard; name = Base; path = Base.lproj/Main.storyboard; sourceTree = "<group>"; };
		054ADAD227AF679B00E901ED /* Assets.xcassets */ = {isa = PBXFileReference; lastKnownFileType = folder.assetcatalog; path = Assets.xcassets; sourceTree = "<group>"; };
		054ADAD527AF679B00E901ED /* Base */ = {isa = PBXFileReference; lastKnownFileType = file.storyboard; name = Base; path = Base.lproj/LaunchScreen.storyboard; sourceTree = "<group>"; };
		054ADAD727AF679B00E901ED /* Info.plist */ = {isa = PBXFileReference; lastKnownFileType = text.plist.xml; path = Info.plist; sourceTree = "<group>"; };
		054ADADC27AF679C00E901ED /* FlixTests.xctest */ = {isa = PBXFileReference; explicitFileType = wrapper.cfbundle; includeInIndex = 0; path = FlixTests.xctest; sourceTree = BUILT_PRODUCTS_DIR; };
		054ADAE027AF679C00E901ED /* FlixTests.swift */ = {isa = PBXFileReference; lastKnownFileType = sourcecode.swift; path = FlixTests.swift; sourceTree = "<group>"; };
		054ADAE627AF679C00E901ED /* FlixUITests.xctest */ = {isa = PBXFileReference; explicitFileType = wrapper.cfbundle; includeInIndex = 0; path = FlixUITests.xctest; sourceTree = BUILT_PRODUCTS_DIR; };
		054ADAEA27AF679C00E901ED /* FlixUITests.swift */ = {isa = PBXFileReference; lastKnownFileType = sourcecode.swift; path = FlixUITests.swift; sourceTree = "<group>"; };
		054ADAEC27AF679C00E901ED /* FlixUITestsLaunchTests.swift */ = {isa = PBXFileReference; lastKnownFileType = sourcecode.swift; path = FlixUITestsLaunchTests.swift; sourceTree = "<group>"; };
		054ADAF927AF74C200E901ED /* MoviesViewController.swift */ = {isa = PBXFileReference; lastKnownFileType = sourcecode.swift; path = MoviesViewController.swift; sourceTree = "<group>"; };
		05857FE4A1ACEA6B30902BCA /* Pods-FlixTests.release.xcconfig */ = {isa = PBXFileReference; includeInIndex = 1; lastKnownFileType = text.xcconfig; name = "Pods-FlixTests.release.xcconfig"; path = "Target Support Files/Pods-FlixTests/Pods-FlixTests.release.xcconfig"; sourceTree = "<group>"; };
		05D4858227AF83150034FB61 /* MovieCell.swift */ = {isa = PBXFileReference; lastKnownFileType = sourcecode.swift; path = MovieCell.swift; sourceTree = "<group>"; };
		05F9C15B27BAFB7400CA07E2 /* MovieDetailsViewController.swift */ = {isa = PBXFileReference; lastKnownFileType = sourcecode.swift; path = MovieDetailsViewController.swift; sourceTree = "<group>"; };
		05F9C15D27BB6B2000CA07E2 /* MovieGridViewController.swift */ = {isa = PBXFileReference; lastKnownFileType = sourcecode.swift; path = MovieGridViewController.swift; sourceTree = "<group>"; };
		05F9C15F27BB6E6800CA07E2 /* MovieGridCell.swift */ = {isa = PBXFileReference; lastKnownFileType = sourcecode.swift; path = MovieGridCell.swift; sourceTree = "<group>"; };
		337BAB4736FB23C5389C4547 /* Pods_Flix.framework */ = {isa = PBXFileReference; explicitFileType = wrapper.framework; includeInIndex = 0; path = Pods_Flix.framework; sourceTree = BUILT_PRODUCTS_DIR; };
		3750C64CC2041D2EA8098F18 /* Pods-Flix.release.xcconfig */ = {isa = PBXFileReference; includeInIndex = 1; lastKnownFileType = text.xcconfig; name = "Pods-Flix.release.xcconfig"; path = "Target Support Files/Pods-Flix/Pods-Flix.release.xcconfig"; sourceTree = "<group>"; };
		3DF2316BFB2AFE69A327EEA8 /* Pods-Flix-FlixUITests.release.xcconfig */ = {isa = PBXFileReference; includeInIndex = 1; lastKnownFileType = text.xcconfig; name = "Pods-Flix-FlixUITests.release.xcconfig"; path = "Target Support Files/Pods-Flix-FlixUITests/Pods-Flix-FlixUITests.release.xcconfig"; sourceTree = "<group>"; };
		5358D14BDC06FFEA1781CC1C /* Pods_Flix_FlixUITests.framework */ = {isa = PBXFileReference; explicitFileType = wrapper.framework; includeInIndex = 0; path = Pods_Flix_FlixUITests.framework; sourceTree = BUILT_PRODUCTS_DIR; };
		5CFFED5AB71DB3DCB1F6CB4B /* Pods-Flix.debug.xcconfig */ = {isa = PBXFileReference; includeInIndex = 1; lastKnownFileType = text.xcconfig; name = "Pods-Flix.debug.xcconfig"; path = "Target Support Files/Pods-Flix/Pods-Flix.debug.xcconfig"; sourceTree = "<group>"; };
		7ED46CEAB3B9D5E0157A420F /* Pods-Flix-FlixUITests.debug.xcconfig */ = {isa = PBXFileReference; includeInIndex = 1; lastKnownFileType = text.xcconfig; name = "Pods-Flix-FlixUITests.debug.xcconfig"; path = "Target Support Files/Pods-Flix-FlixUITests/Pods-Flix-FlixUITests.debug.xcconfig"; sourceTree = "<group>"; };
		85CB613C7F7D4BC1639837F2 /* Pods-FlixTests.debug.xcconfig */ = {isa = PBXFileReference; includeInIndex = 1; lastKnownFileType = text.xcconfig; name = "Pods-FlixTests.debug.xcconfig"; path = "Target Support Files/Pods-FlixTests/Pods-FlixTests.debug.xcconfig"; sourceTree = "<group>"; };
		B827C9A711DED1229950C768 /* Pods_FlixTests.framework */ = {isa = PBXFileReference; explicitFileType = wrapper.framework; includeInIndex = 0; path = Pods_FlixTests.framework; sourceTree = BUILT_PRODUCTS_DIR; };
/* End PBXFileReference section */

/* Begin PBXFrameworksBuildPhase section */
		054ADAC327AF679900E901ED /* Frameworks */ = {
			isa = PBXFrameworksBuildPhase;
			buildActionMask = 2147483647;
			files = (
				07E32643D1595A56A31E135F /* Pods_Flix.framework in Frameworks */,
			);
			runOnlyForDeploymentPostprocessing = 0;
		};
		054ADAD927AF679C00E901ED /* Frameworks */ = {
			isa = PBXFrameworksBuildPhase;
			buildActionMask = 2147483647;
			files = (
				FD02EBCC7E43CDE96A9F97E3 /* Pods_FlixTests.framework in Frameworks */,
			);
			runOnlyForDeploymentPostprocessing = 0;
		};
		054ADAE327AF679C00E901ED /* Frameworks */ = {
			isa = PBXFrameworksBuildPhase;
			buildActionMask = 2147483647;
			files = (
				8A872C5FA82B4EBF25A3EBF1 /* Pods_Flix_FlixUITests.framework in Frameworks */,
			);
			runOnlyForDeploymentPostprocessing = 0;
		};
/* End PBXFrameworksBuildPhase section */

/* Begin PBXGroup section */
		054ADABD27AF679900E901ED = {
			isa = PBXGroup;
			children = (
				054ADAC827AF679900E901ED /* Flix */,
				054ADADF27AF679C00E901ED /* FlixTests */,
				054ADAE927AF679C00E901ED /* FlixUITests */,
				054ADAC727AF679900E901ED /* Products */,
				349D0A9F53261AF35D4F9552 /* Pods */,
				E9DDF49404D5FD8F0D6601CA /* Frameworks */,
			);
			sourceTree = "<group>";
		};
		054ADAC727AF679900E901ED /* Products */ = {
			isa = PBXGroup;
			children = (
				054ADAC627AF679900E901ED /* Flix.app */,
				054ADADC27AF679C00E901ED /* FlixTests.xctest */,
				054ADAE627AF679C00E901ED /* FlixUITests.xctest */,
			);
			name = Products;
			sourceTree = "<group>";
		};
		054ADAC827AF679900E901ED /* Flix */ = {
			isa = PBXGroup;
			children = (
				054ADAC927AF679900E901ED /* AppDelegate.swift */,
				05F9C15F27BB6E6800CA07E2 /* MovieGridCell.swift */,
				054ADACB27AF679900E901ED /* SceneDelegate.swift */,
				054ADACF27AF679900E901ED /* Main.storyboard */,
				05D4858227AF83150034FB61 /* MovieCell.swift */,
				054ADAD227AF679B00E901ED /* Assets.xcassets */,
				054ADAD427AF679B00E901ED /* LaunchScreen.storyboard */,
				054ADAD727AF679B00E901ED /* Info.plist */,
				054ADAF927AF74C200E901ED /* MoviesViewController.swift */,
				05F9C15B27BAFB7400CA07E2 /* MovieDetailsViewController.swift */,
				05F9C15D27BB6B2000CA07E2 /* MovieGridViewController.swift */,
			);
			path = Flix;
			sourceTree = "<group>";
		};
		054ADADF27AF679C00E901ED /* FlixTests */ = {
			isa = PBXGroup;
			children = (
				054ADAE027AF679C00E901ED /* FlixTests.swift */,
			);
			path = FlixTests;
			sourceTree = "<group>";
		};
		054ADAE927AF679C00E901ED /* FlixUITests */ = {
			isa = PBXGroup;
			children = (
				054ADAEA27AF679C00E901ED /* FlixUITests.swift */,
				054ADAEC27AF679C00E901ED /* FlixUITestsLaunchTests.swift */,
			);
			path = FlixUITests;
			sourceTree = "<group>";
		};
		349D0A9F53261AF35D4F9552 /* Pods */ = {
			isa = PBXGroup;
			children = (
				5CFFED5AB71DB3DCB1F6CB4B /* Pods-Flix.debug.xcconfig */,
				3750C64CC2041D2EA8098F18 /* Pods-Flix.release.xcconfig */,
				7ED46CEAB3B9D5E0157A420F /* Pods-Flix-FlixUITests.debug.xcconfig */,
				3DF2316BFB2AFE69A327EEA8 /* Pods-Flix-FlixUITests.release.xcconfig */,
				85CB613C7F7D4BC1639837F2 /* Pods-FlixTests.debug.xcconfig */,
				05857FE4A1ACEA6B30902BCA /* Pods-FlixTests.release.xcconfig */,
			);
			path = Pods;
			sourceTree = "<group>";
		};
		E9DDF49404D5FD8F0D6601CA /* Frameworks */ = {
			isa = PBXGroup;
			children = (
				337BAB4736FB23C5389C4547 /* Pods_Flix.framework */,
				5358D14BDC06FFEA1781CC1C /* Pods_Flix_FlixUITests.framework */,
				B827C9A711DED1229950C768 /* Pods_FlixTests.framework */,
			);
			name = Frameworks;
			sourceTree = "<group>";
		};
/* End PBXGroup section */

/* Begin PBXNativeTarget section */
		054ADAC527AF679900E901ED /* Flix */ = {
			isa = PBXNativeTarget;
			buildConfigurationList = 054ADAF027AF679C00E901ED /* Build configuration list for PBXNativeTarget "Flix" */;
			buildPhases = (
				1EAFD6BA14C683AD2F0A52ED /* [CP] Check Pods Manifest.lock */,
				054ADAC227AF679900E901ED /* Sources */,
				054ADAC327AF679900E901ED /* Frameworks */,
				054ADAC427AF679900E901ED /* Resources */,
				6B71447F8FD2971D67332879 /* [CP] Embed Pods Frameworks */,
			);
			buildRules = (
			);
			dependencies = (
			);
			name = Flix;
			productName = Flix;
			productReference = 054ADAC627AF679900E901ED /* Flix.app */;
			productType = "com.apple.product-type.application";
		};
		054ADADB27AF679C00E901ED /* FlixTests */ = {
			isa = PBXNativeTarget;
			buildConfigurationList = 054ADAF327AF679C00E901ED /* Build configuration list for PBXNativeTarget "FlixTests" */;
			buildPhases = (
				C37BE40C54ED5E04628B65AF /* [CP] Check Pods Manifest.lock */,
				054ADAD827AF679C00E901ED /* Sources */,
				054ADAD927AF679C00E901ED /* Frameworks */,
				054ADADA27AF679C00E901ED /* Resources */,
			);
			buildRules = (
			);
			dependencies = (
				054ADADE27AF679C00E901ED /* PBXTargetDependency */,
			);
			name = FlixTests;
			productName = FlixTests;
			productReference = 054ADADC27AF679C00E901ED /* FlixTests.xctest */;
			productType = "com.apple.product-type.bundle.unit-test";
		};
		054ADAE527AF679C00E901ED /* FlixUITests */ = {
			isa = PBXNativeTarget;
			buildConfigurationList = 054ADAF627AF679C00E901ED /* Build configuration list for PBXNativeTarget "FlixUITests" */;
			buildPhases = (
				4375EC5C6A4644D64298481A /* [CP] Check Pods Manifest.lock */,
				054ADAE227AF679C00E901ED /* Sources */,
				054ADAE327AF679C00E901ED /* Frameworks */,
				054ADAE427AF679C00E901ED /* Resources */,
				240326D984915E1EDC555A36 /* [CP] Embed Pods Frameworks */,
			);
			buildRules = (
			);
			dependencies = (
				054ADAE827AF679C00E901ED /* PBXTargetDependency */,
			);
			name = FlixUITests;
			productName = FlixUITests;
			productReference = 054ADAE627AF679C00E901ED /* FlixUITests.xctest */;
			productType = "com.apple.product-type.bundle.ui-testing";
		};
/* End PBXNativeTarget section */

/* Begin PBXProject section */
		054ADABE27AF679900E901ED /* Project object */ = {
			isa = PBXProject;
			attributes = {
				BuildIndependentTargetsInParallel = 1;
				LastSwiftUpdateCheck = 1320;
				LastUpgradeCheck = 1320;
				TargetAttributes = {
					054ADAC527AF679900E901ED = {
						CreatedOnToolsVersion = 13.2.1;
					};
					054ADADB27AF679C00E901ED = {
						CreatedOnToolsVersion = 13.2.1;
						TestTargetID = 054ADAC527AF679900E901ED;
					};
					054ADAE527AF679C00E901ED = {
						CreatedOnToolsVersion = 13.2.1;
						TestTargetID = 054ADAC527AF679900E901ED;
					};
				};
			};
			buildConfigurationList = 054ADAC127AF679900E901ED /* Build configuration list for PBXProject "Flix" */;
			compatibilityVersion = "Xcode 13.0";
			developmentRegion = en;
			hasScannedForEncodings = 0;
			knownRegions = (
				en,
				Base,
			);
			mainGroup = 054ADABD27AF679900E901ED;
			productRefGroup = 054ADAC727AF679900E901ED /* Products */;
			projectDirPath = "";
			projectRoot = "";
			targets = (
				054ADAC527AF679900E901ED /* Flix */,
				054ADADB27AF679C00E901ED /* FlixTests */,
				054ADAE527AF679C00E901ED /* FlixUITests */,
			);
		};
/* End PBXProject section */

/* Begin PBXResourcesBuildPhase section */
		054ADAC427AF679900E901ED /* Resources */ = {
			isa = PBXResourcesBuildPhase;
			buildActionMask = 2147483647;
			files = (
				054ADAD627AF679B00E901ED /* LaunchScreen.storyboard in Resources */,
				054ADAD327AF679B00E901ED /* Assets.xcassets in Resources */,
				054ADAD127AF679900E901ED /* Main.storyboard in Resources */,
			);
			runOnlyForDeploymentPostprocessing = 0;
		};
		054ADADA27AF679C00E901ED /* Resources */ = {
			isa = PBXResourcesBuildPhase;
			buildActionMask = 2147483647;
			files = (
			);
			runOnlyForDeploymentPostprocessing = 0;
		};
		054ADAE427AF679C00E901ED /* Resources */ = {
			isa = PBXResourcesBuildPhase;
			buildActionMask = 2147483647;
			files = (
			);
			runOnlyForDeploymentPostprocessing = 0;
		};
/* End PBXResourcesBuildPhase section */

/* Begin PBXShellScriptBuildPhase section */
		1EAFD6BA14C683AD2F0A52ED /* [CP] Check Pods Manifest.lock */ = {
			isa = PBXShellScriptBuildPhase;
			buildActionMask = 2147483647;
			files = (
			);
			inputFileListPaths = (
			);
			inputPaths = (
				"${PODS_PODFILE_DIR_PATH}/Podfile.lock",
				"${PODS_ROOT}/Manifest.lock",
			);
			name = "[CP] Check Pods Manifest.lock";
			outputFileListPaths = (
			);
			outputPaths = (
				"$(DERIVED_FILE_DIR)/Pods-Flix-checkManifestLockResult.txt",
			);
			runOnlyForDeploymentPostprocessing = 0;
			shellPath = /bin/sh;
			shellScript = "diff \"${PODS_PODFILE_DIR_PATH}/Podfile.lock\" \"${PODS_ROOT}/Manifest.lock\" > /dev/null\nif [ $? != 0 ] ; then\n    # print error to STDERR\n    echo \"error: The sandbox is not in sync with the Podfile.lock. Run 'pod install' or update your CocoaPods installation.\" >&2\n    exit 1\nfi\n# This output is used by Xcode 'outputs' to avoid re-running this script phase.\necho \"SUCCESS\" > \"${SCRIPT_OUTPUT_FILE_0}\"\n";
			showEnvVarsInLog = 0;
		};
		240326D984915E1EDC555A36 /* [CP] Embed Pods Frameworks */ = {
			isa = PBXShellScriptBuildPhase;
			buildActionMask = 2147483647;
			files = (
			);
			inputFileListPaths = (
				"${PODS_ROOT}/Target Support Files/Pods-Flix-FlixUITests/Pods-Flix-FlixUITests-frameworks-${CONFIGURATION}-input-files.xcfilelist",
			);
			name = "[CP] Embed Pods Frameworks";
			outputFileListPaths = (
				"${PODS_ROOT}/Target Support Files/Pods-Flix-FlixUITests/Pods-Flix-FlixUITests-frameworks-${CONFIGURATION}-output-files.xcfilelist",
			);
			runOnlyForDeploymentPostprocessing = 0;
			shellPath = /bin/sh;
			shellScript = "\"${PODS_ROOT}/Target Support Files/Pods-Flix-FlixUITests/Pods-Flix-FlixUITests-frameworks.sh\"\n";
			showEnvVarsInLog = 0;
		};
		4375EC5C6A4644D64298481A /* [CP] Check Pods Manifest.lock */ = {
			isa = PBXShellScriptBuildPhase;
			buildActionMask = 2147483647;
			files = (
			);
			inputFileListPaths = (
			);
			inputPaths = (
				"${PODS_PODFILE_DIR_PATH}/Podfile.lock",
				"${PODS_ROOT}/Manifest.lock",
			);
			name = "[CP] Check Pods Manifest.lock";
			outputFileListPaths = (
			);
			outputPaths = (
				"$(DERIVED_FILE_DIR)/Pods-Flix-FlixUITests-checkManifestLockResult.txt",
			);
			runOnlyForDeploymentPostprocessing = 0;
			shellPath = /bin/sh;
			shellScript = "diff \"${PODS_PODFILE_DIR_PATH}/Podfile.lock\" \"${PODS_ROOT}/Manifest.lock\" > /dev/null\nif [ $? != 0 ] ; then\n    # print error to STDERR\n    echo \"error: The sandbox is not in sync with the Podfile.lock. Run 'pod install' or update your CocoaPods installation.\" >&2\n    exit 1\nfi\n# This output is used by Xcode 'outputs' to avoid re-running this script phase.\necho \"SUCCESS\" > \"${SCRIPT_OUTPUT_FILE_0}\"\n";
			showEnvVarsInLog = 0;
		};
		6B71447F8FD2971D67332879 /* [CP] Embed Pods Frameworks */ = {
			isa = PBXShellScriptBuildPhase;
			buildActionMask = 2147483647;
			files = (
			);
			inputFileListPaths = (
				"${PODS_ROOT}/Target Support Files/Pods-Flix/Pods-Flix-frameworks-${CONFIGURATION}-input-files.xcfilelist",
			);
			name = "[CP] Embed Pods Frameworks";
			outputFileListPaths = (
				"${PODS_ROOT}/Target Support Files/Pods-Flix/Pods-Flix-frameworks-${CONFIGURATION}-output-files.xcfilelist",
			);
			runOnlyForDeploymentPostprocessing = 0;
			shellPath = /bin/sh;
			shellScript = "\"${PODS_ROOT}/Target Support Files/Pods-Flix/Pods-Flix-frameworks.sh\"\n";
			showEnvVarsInLog = 0;
		};
		C37BE40C54ED5E04628B65AF /* [CP] Check Pods Manifest.lock */ = {
			isa = PBXShellScriptBuildPhase;
			buildActionMask = 2147483647;
			files = (
			);
			inputFileListPaths = (
			);
			inputPaths = (
				"${PODS_PODFILE_DIR_PATH}/Podfile.lock",
				"${PODS_ROOT}/Manifest.lock",
			);
			name = "[CP] Check Pods Manifest.lock";
			outputFileListPaths = (
			);
			outputPaths = (
				"$(DERIVED_FILE_DIR)/Pods-FlixTests-checkManifestLockResult.txt",
			);
			runOnlyForDeploymentPostprocessing = 0;
			shellPath = /bin/sh;
			shellScript = "diff \"${PODS_PODFILE_DIR_PATH}/Podfile.lock\" \"${PODS_ROOT}/Manifest.lock\" > /dev/null\nif [ $? != 0 ] ; then\n    # print error to STDERR\n    echo \"error: The sandbox is not in sync with the Podfile.lock. Run 'pod install' or update your CocoaPods installation.\" >&2\n    exit 1\nfi\n# This output is used by Xcode 'outputs' to avoid re-running this script phase.\necho \"SUCCESS\" > \"${SCRIPT_OUTPUT_FILE_0}\"\n";
			showEnvVarsInLog = 0;
		};
/* End PBXShellScriptBuildPhase section */

/* Begin PBXSourcesBuildPhase section */
		054ADAC227AF679900E901ED /* Sources */ = {
			isa = PBXSourcesBuildPhase;
			buildActionMask = 2147483647;
			files = (
				05F9C15C27BAFB7400CA07E2 /* MovieDetailsViewController.swift in Sources */,
				054ADACA27AF679900E901ED /* AppDelegate.swift in Sources */,
				054ADACC27AF679900E901ED /* SceneDelegate.swift in Sources */,
				05D4858327AF83150034FB61 /* MovieCell.swift in Sources */,
				054ADAFA27AF74C200E901ED /* MoviesViewController.swift in Sources */,
				05F9C15E27BB6B2000CA07E2 /* MovieGridViewController.swift in Sources */,
				05F9C16027BB6E6800CA07E2 /* MovieGridCell.swift in Sources */,
			);
			runOnlyForDeploymentPostprocessing = 0;
		};
		054ADAD827AF679C00E901ED /* Sources */ = {
			isa = PBXSourcesBuildPhase;
			buildActionMask = 2147483647;
			files = (
				054ADAE127AF679C00E901ED /* FlixTests.swift in Sources */,
			);
			runOnlyForDeploymentPostprocessing = 0;
		};
		054ADAE227AF679C00E901ED /* Sources */ = {
			isa = PBXSourcesBuildPhase;
			buildActionMask = 2147483647;
			files = (
				054ADAEB27AF679C00E901ED /* FlixUITests.swift in Sources */,
				054ADAED27AF679C00E901ED /* FlixUITestsLaunchTests.swift in Sources */,
			);
			runOnlyForDeploymentPostprocessing = 0;
		};
/* End PBXSourcesBuildPhase section */

/* Begin PBXTargetDependency section */
		054ADADE27AF679C00E901ED /* PBXTargetDependency */ = {
			isa = PBXTargetDependency;
			target = 054ADAC527AF679900E901ED /* Flix */;
			targetProxy = 054ADADD27AF679C00E901ED /* PBXContainerItemProxy */;
		};
		054ADAE827AF679C00E901ED /* PBXTargetDependency */ = {
			isa = PBXTargetDependency;
			target = 054ADAC527AF679900E901ED /* Flix */;
			targetProxy = 054ADAE727AF679C00E901ED /* PBXContainerItemProxy */;
		};
/* End PBXTargetDependency section */

/* Begin PBXVariantGroup section */
		054ADACF27AF679900E901ED /* Main.storyboard */ = {
			isa = PBXVariantGroup;
			children = (
				054ADAD027AF679900E901ED /* Base */,
			);
			name = Main.storyboard;
			sourceTree = "<group>";
		};
		054ADAD427AF679B00E901ED /* LaunchScreen.storyboard */ = {
			isa = PBXVariantGroup;
			children = (
				054ADAD527AF679B00E901ED /* Base */,
			);
			name = LaunchScreen.storyboard;
			sourceTree = "<group>";
		};
/* End PBXVariantGroup section */

/* Begin XCBuildConfiguration section */
		054ADAEE27AF679C00E901ED /* Debug */ = {
			isa = XCBuildConfiguration;
			buildSettings = {
				ALWAYS_SEARCH_USER_PATHS = NO;
				CLANG_ANALYZER_NONNULL = YES;
				CLANG_ANALYZER_NUMBER_OBJECT_CONVERSION = YES_AGGRESSIVE;
				CLANG_CXX_LANGUAGE_STANDARD = "gnu++17";
				CLANG_CXX_LIBRARY = "libc++";
				CLANG_ENABLE_MODULES = YES;
				CLANG_ENABLE_OBJC_ARC = YES;
				CLANG_ENABLE_OBJC_WEAK = YES;
				CLANG_WARN_BLOCK_CAPTURE_AUTORELEASING = YES;
				CLANG_WARN_BOOL_CONVERSION = YES;
				CLANG_WARN_COMMA = YES;
				CLANG_WARN_CONSTANT_CONVERSION = YES;
				CLANG_WARN_DEPRECATED_OBJC_IMPLEMENTATIONS = YES;
				CLANG_WARN_DIRECT_OBJC_ISA_USAGE = YES_ERROR;
				CLANG_WARN_DOCUMENTATION_COMMENTS = YES;
				CLANG_WARN_EMPTY_BODY = YES;
				CLANG_WARN_ENUM_CONVERSION = YES;
				CLANG_WARN_INFINITE_RECURSION = YES;
				CLANG_WARN_INT_CONVERSION = YES;
				CLANG_WARN_NON_LITERAL_NULL_CONVERSION = YES;
				CLANG_WARN_OBJC_IMPLICIT_RETAIN_SELF = YES;
				CLANG_WARN_OBJC_LITERAL_CONVERSION = YES;
				CLANG_WARN_OBJC_ROOT_CLASS = YES_ERROR;
				CLANG_WARN_QUOTED_INCLUDE_IN_FRAMEWORK_HEADER = YES;
				CLANG_WARN_RANGE_LOOP_ANALYSIS = YES;
				CLANG_WARN_STRICT_PROTOTYPES = YES;
				CLANG_WARN_SUSPICIOUS_MOVE = YES;
				CLANG_WARN_UNGUARDED_AVAILABILITY = YES_AGGRESSIVE;
				CLANG_WARN_UNREACHABLE_CODE = YES;
				CLANG_WARN__DUPLICATE_METHOD_MATCH = YES;
				COPY_PHASE_STRIP = NO;
				DEBUG_INFORMATION_FORMAT = dwarf;
				ENABLE_STRICT_OBJC_MSGSEND = YES;
				ENABLE_TESTABILITY = YES;
				GCC_C_LANGUAGE_STANDARD = gnu11;
				GCC_DYNAMIC_NO_PIC = NO;
				GCC_NO_COMMON_BLOCKS = YES;
				GCC_OPTIMIZATION_LEVEL = 0;
				GCC_PREPROCESSOR_DEFINITIONS = (
					"DEBUG=1",
					"$(inherited)",
				);
				GCC_WARN_64_TO_32_BIT_CONVERSION = YES;
				GCC_WARN_ABOUT_RETURN_TYPE = YES_ERROR;
				GCC_WARN_UNDECLARED_SELECTOR = YES;
				GCC_WARN_UNINITIALIZED_AUTOS = YES_AGGRESSIVE;
				GCC_WARN_UNUSED_FUNCTION = YES;
				GCC_WARN_UNUSED_VARIABLE = YES;
				IPHONEOS_DEPLOYMENT_TARGET = 15.2;
				MTL_ENABLE_DEBUG_INFO = INCLUDE_SOURCE;
				MTL_FAST_MATH = YES;
				ONLY_ACTIVE_ARCH = YES;
				SDKROOT = iphoneos;
				SWIFT_ACTIVE_COMPILATION_CONDITIONS = DEBUG;
				SWIFT_OPTIMIZATION_LEVEL = "-Onone";
			};
			name = Debug;
		};
		054ADAEF27AF679C00E901ED /* Release */ = {
			isa = XCBuildConfiguration;
			buildSettings = {
				ALWAYS_SEARCH_USER_PATHS = NO;
				CLANG_ANALYZER_NONNULL = YES;
				CLANG_ANALYZER_NUMBER_OBJECT_CONVERSION = YES_AGGRESSIVE;
				CLANG_CXX_LANGUAGE_STANDARD = "gnu++17";
				CLANG_CXX_LIBRARY = "libc++";
				CLANG_ENABLE_MODULES = YES;
				CLANG_ENABLE_OBJC_ARC = YES;
				CLANG_ENABLE_OBJC_WEAK = YES;
				CLANG_WARN_BLOCK_CAPTURE_AUTORELEASING = YES;
				CLANG_WARN_BOOL_CONVERSION = YES;
				CLANG_WARN_COMMA = YES;
				CLANG_WARN_CONSTANT_CONVERSION = YES;
				CLANG_WARN_DEPRECATED_OBJC_IMPLEMENTATIONS = YES;
				CLANG_WARN_DIRECT_OBJC_ISA_USAGE = YES_ERROR;
				CLANG_WARN_DOCUMENTATION_COMMENTS = YES;
				CLANG_WARN_EMPTY_BODY = YES;
				CLANG_WARN_ENUM_CONVERSION = YES;
				CLANG_WARN_INFINITE_RECURSION = YES;
				CLANG_WARN_INT_CONVERSION = YES;
				CLANG_WARN_NON_LITERAL_NULL_CONVERSION = YES;
				CLANG_WARN_OBJC_IMPLICIT_RETAIN_SELF = YES;
				CLANG_WARN_OBJC_LITERAL_CONVERSION = YES;
				CLANG_WARN_OBJC_ROOT_CLASS = YES_ERROR;
				CLANG_WARN_QUOTED_INCLUDE_IN_FRAMEWORK_HEADER = YES;
				CLANG_WARN_RANGE_LOOP_ANALYSIS = YES;
				CLANG_WARN_STRICT_PROTOTYPES = YES;
				CLANG_WARN_SUSPICIOUS_MOVE = YES;
				CLANG_WARN_UNGUARDED_AVAILABILITY = YES_AGGRESSIVE;
				CLANG_WARN_UNREACHABLE_CODE = YES;
				CLANG_WARN__DUPLICATE_METHOD_MATCH = YES;
				COPY_PHASE_STRIP = NO;
				DEBUG_INFORMATION_FORMAT = "dwarf-with-dsym";
				ENABLE_NS_ASSERTIONS = NO;
				ENABLE_STRICT_OBJC_MSGSEND = YES;
				GCC_C_LANGUAGE_STANDARD = gnu11;
				GCC_NO_COMMON_BLOCKS = YES;
				GCC_WARN_64_TO_32_BIT_CONVERSION = YES;
				GCC_WARN_ABOUT_RETURN_TYPE = YES_ERROR;
				GCC_WARN_UNDECLARED_SELECTOR = YES;
				GCC_WARN_UNINITIALIZED_AUTOS = YES_AGGRESSIVE;
				GCC_WARN_UNUSED_FUNCTION = YES;
				GCC_WARN_UNUSED_VARIABLE = YES;
				IPHONEOS_DEPLOYMENT_TARGET = 15.2;
				MTL_ENABLE_DEBUG_INFO = NO;
				MTL_FAST_MATH = YES;
				SDKROOT = iphoneos;
				SWIFT_COMPILATION_MODE = wholemodule;
				SWIFT_OPTIMIZATION_LEVEL = "-O";
				VALIDATE_PRODUCT = YES;
			};
			name = Release;
		};
		054ADAF127AF679C00E901ED /* Debug */ = {
			isa = XCBuildConfiguration;
			baseConfigurationReference = 5CFFED5AB71DB3DCB1F6CB4B /* Pods-Flix.debug.xcconfig */;
			buildSettings = {
				ASSETCATALOG_COMPILER_APPICON_NAME = AppIcon;
				ASSETCATALOG_COMPILER_GLOBAL_ACCENT_COLOR_NAME = AccentColor;
				CODE_SIGN_STYLE = Automatic;
				CURRENT_PROJECT_VERSION = 1;
				DEVELOPMENT_TEAM = 83J7365KBX;
				GENERATE_INFOPLIST_FILE = YES;
				INFOPLIST_FILE = Flix/Info.plist;
				INFOPLIST_KEY_UIApplicationSupportsIndirectInputEvents = YES;
				INFOPLIST_KEY_UILaunchStoryboardName = LaunchScreen;
				INFOPLIST_KEY_UIMainStoryboardFile = Main;
				INFOPLIST_KEY_UISupportedInterfaceOrientations_iPad = "UIInterfaceOrientationPortrait UIInterfaceOrientationPortraitUpsideDown UIInterfaceOrientationLandscapeLeft UIInterfaceOrientationLandscapeRight";
				INFOPLIST_KEY_UISupportedInterfaceOrientations_iPhone = "UIInterfaceOrientationPortrait UIInterfaceOrientationLandscapeLeft UIInterfaceOrientationLandscapeRight";
				LD_RUNPATH_SEARCH_PATHS = (
					"$(inherited)",
					"@executable_path/Frameworks",
				);
				MARKETING_VERSION = 1.0;
				PRODUCT_BUNDLE_IDENTIFIER = com.christian.m.franklin.Flix;
				PRODUCT_NAME = "$(TARGET_NAME)";
				SWIFT_EMIT_LOC_STRINGS = YES;
				SWIFT_VERSION = 5.0;
				TARGETED_DEVICE_FAMILY = "1,2";
			};
			name = Debug;
		};
		054ADAF227AF679C00E901ED /* Release */ = {
			isa = XCBuildConfiguration;
			baseConfigurationReference = 3750C64CC2041D2EA8098F18 /* Pods-Flix.release.xcconfig */;
			buildSettings = {
				ASSETCATALOG_COMPILER_APPICON_NAME = AppIcon;
				ASSETCATALOG_COMPILER_GLOBAL_ACCENT_COLOR_NAME = AccentColor;
				CODE_SIGN_STYLE = Automatic;
				CURRENT_PROJECT_VERSION = 1;
				DEVELOPMENT_TEAM = 83J7365KBX;
				GENERATE_INFOPLIST_FILE = YES;
				INFOPLIST_FILE = Flix/Info.plist;
				INFOPLIST_KEY_UIApplicationSupportsIndirectInputEvents = YES;
				INFOPLIST_KEY_UILaunchStoryboardName = LaunchScreen;
				INFOPLIST_KEY_UIMainStoryboardFile = Main;
				INFOPLIST_KEY_UISupportedInterfaceOrientations_iPad = "UIInterfaceOrientationPortrait UIInterfaceOrientationPortraitUpsideDown UIInterfaceOrientationLandscapeLeft UIInterfaceOrientationLandscapeRight";
				INFOPLIST_KEY_UISupportedInterfaceOrientations_iPhone = "UIInterfaceOrientationPortrait UIInterfaceOrientationLandscapeLeft UIInterfaceOrientationLandscapeRight";
				LD_RUNPATH_SEARCH_PATHS = (
					"$(inherited)",
					"@executable_path/Frameworks",
				);
				MARKETING_VERSION = 1.0;
				PRODUCT_BUNDLE_IDENTIFIER = com.christian.m.franklin.Flix;
				PRODUCT_NAME = "$(TARGET_NAME)";
				SWIFT_EMIT_LOC_STRINGS = YES;
				SWIFT_VERSION = 5.0;
				TARGETED_DEVICE_FAMILY = "1,2";
			};
			name = Release;
		};
		054ADAF427AF679C00E901ED /* Debug */ = {
			isa = XCBuildConfiguration;
			baseConfigurationReference = 85CB613C7F7D4BC1639837F2 /* Pods-FlixTests.debug.xcconfig */;
			buildSettings = {
				ALWAYS_EMBED_SWIFT_STANDARD_LIBRARIES = YES;
				BUNDLE_LOADER = "$(TEST_HOST)";
				CODE_SIGN_STYLE = Automatic;
				CURRENT_PROJECT_VERSION = 1;
				DEVELOPMENT_TEAM = 83J7365KBX;
				GENERATE_INFOPLIST_FILE = YES;
				IPHONEOS_DEPLOYMENT_TARGET = 15.2;
				MARKETING_VERSION = 1.0;
				PRODUCT_BUNDLE_IDENTIFIER = com.christian.m.franklin.FlixTests;
				PRODUCT_NAME = "$(TARGET_NAME)";
				SWIFT_EMIT_LOC_STRINGS = NO;
				SWIFT_VERSION = 5.0;
				TARGETED_DEVICE_FAMILY = "1,2";
				TEST_HOST = "$(BUILT_PRODUCTS_DIR)/Flix.app/Flix";
			};
			name = Debug;
		};
		054ADAF527AF679C00E901ED /* Release */ = {
			isa = XCBuildConfiguration;
			baseConfigurationReference = 05857FE4A1ACEA6B30902BCA /* Pods-FlixTests.release.xcconfig */;
			buildSettings = {
				ALWAYS_EMBED_SWIFT_STANDARD_LIBRARIES = YES;
				BUNDLE_LOADER = "$(TEST_HOST)";
				CODE_SIGN_STYLE = Automatic;
				CURRENT_PROJECT_VERSION = 1;
				DEVELOPMENT_TEAM = 83J7365KBX;
				GENERATE_INFOPLIST_FILE = YES;
				IPHONEOS_DEPLOYMENT_TARGET = 15.2;
				MARKETING_VERSION = 1.0;
				PRODUCT_BUNDLE_IDENTIFIER = com.christian.m.franklin.FlixTests;
				PRODUCT_NAME = "$(TARGET_NAME)";
				SWIFT_EMIT_LOC_STRINGS = NO;
				SWIFT_VERSION = 5.0;
				TARGETED_DEVICE_FAMILY = "1,2";
				TEST_HOST = "$(BUILT_PRODUCTS_DIR)/Flix.app/Flix";
			};
			name = Release;
		};
		054ADAF727AF679C00E901ED /* Debug */ = {
			isa = XCBuildConfiguration;
			baseConfigurationReference = 7ED46CEAB3B9D5E0157A420F /* Pods-Flix-FlixUITests.debug.xcconfig */;
			buildSettings = {
				ALWAYS_EMBED_SWIFT_STANDARD_LIBRARIES = YES;
				CODE_SIGN_STYLE = Automatic;
				CURRENT_PROJECT_VERSION = 1;
				DEVELOPMENT_TEAM = 83J7365KBX;
				GENERATE_INFOPLIST_FILE = YES;
				MARKETING_VERSION = 1.0;
				PRODUCT_BUNDLE_IDENTIFIER = com.christian.m.franklin.FlixUITests;
				PRODUCT_NAME = "$(TARGET_NAME)";
				SWIFT_EMIT_LOC_STRINGS = NO;
				SWIFT_VERSION = 5.0;
				TARGETED_DEVICE_FAMILY = "1,2";
				TEST_TARGET_NAME = Flix;
			};
			name = Debug;
		};
		054ADAF827AF679C00E901ED /* Release */ = {
			isa = XCBuildConfiguration;
			baseConfigurationReference = 3DF2316BFB2AFE69A327EEA8 /* Pods-Flix-FlixUITests.release.xcconfig */;
			buildSettings = {
				ALWAYS_EMBED_SWIFT_STANDARD_LIBRARIES = YES;
				CODE_SIGN_STYLE = Automatic;
				CURRENT_PROJECT_VERSION = 1;
				DEVELOPMENT_TEAM = 83J7365KBX;
				GENERATE_INFOPLIST_FILE = YES;
				MARKETING_VERSION = 1.0;
				PRODUCT_BUNDLE_IDENTIFIER = com.christian.m.franklin.FlixUITests;
				PRODUCT_NAME = "$(TARGET_NAME)";
				SWIFT_EMIT_LOC_STRINGS = NO;
				SWIFT_VERSION = 5.0;
				TARGETED_DEVICE_FAMILY = "1,2";
				TEST_TARGET_NAME = Flix;
			};
			name = Release;
		};
/* End XCBuildConfiguration section */

/* Begin XCConfigurationList section */
		054ADAC127AF679900E901ED /* Build configuration list for PBXProject "Flix" */ = {
			isa = XCConfigurationList;
			buildConfigurations = (
				054ADAEE27AF679C00E901ED /* Debug */,
				054ADAEF27AF679C00E901ED /* Release */,
			);
			defaultConfigurationIsVisible = 0;
			defaultConfigurationName = Release;
		};
		054ADAF027AF679C00E901ED /* Build configuration list for PBXNativeTarget "Flix" */ = {
			isa = XCConfigurationList;
			buildConfigurations = (
				054ADAF127AF679C00E901ED /* Debug */,
				054ADAF227AF679C00E901ED /* Release */,
			);
			defaultConfigurationIsVisible = 0;
			defaultConfigurationName = Release;
		};
		054ADAF327AF679C00E901ED /* Build configuration list for PBXNativeTarget "FlixTests" */ = {
			isa = XCConfigurationList;
			buildConfigurations = (
				054ADAF427AF679C00E901ED /* Debug */,
				054ADAF527AF679C00E901ED /* Release */,
			);
			defaultConfigurationIsVisible = 0;
			defaultConfigurationName = Release;
		};
		054ADAF627AF679C00E901ED /* Build configuration list for PBXNativeTarget "FlixUITests" */ = {
			isa = XCConfigurationList;
			buildConfigurations = (
				054ADAF727AF679C00E901ED /* Debug */,
				054ADAF827AF679C00E901ED /* Release */,
			);
			defaultConfigurationIsVisible = 0;
			defaultConfigurationName = Release;
		};
/* End XCConfigurationList section */
	};
	rootObject = 054ADABE27AF679900E901ED /* Project object */;
}
